
Microsoft Visual Studio Solution File, Format Version 12.00
# Visual Studio Version 17
VisualStudioVersion = 17.1.32319.34
MinimumVisualStudioVersion = 10.0.40219.1
Project("{9A19103F-16F7-4668-BE54-9A1E7A4F7556}") = "практична 15", "практична 15\практична 15.csproj", "{3264BEA2-4263-4C24-80AD-0810B5D6FEED}"
EndProject
Project("{FAE04EC0-301F-11D3-BF4B-00C04F79EFBC}") = "ConsoleApp1", "ConsoleApp1\ConsoleApp1.csproj", "{FEF9775A-9BE5-43BA-A65B-7D188F5437F9}"
EndProject
Global
	GlobalSection(SolutionConfigurationPlatforms) = preSolution
		Debug|Any CPU = Debug|Any CPU
		Release|Any CPU = Release|Any CPU
	EndGlobalSection
	GlobalSection(ProjectConfigurationPlatforms) = postSolution
		{3264BEA2-4263-4C24-80AD-0810B5D6FEED}.Debug|Any CPU.ActiveCfg = Debug|Any CPU
		{3264BEA2-4263-4C24-80AD-0810B5D6FEED}.Debug|Any CPU.Build.0 = Debug|Any CPU
		{3264BEA2-4263-4C24-80AD-0810B5D6FEED}.Release|Any CPU.ActiveCfg = Release|Any CPU
		{3264BEA2-4263-4C24-80AD-0810B5D6FEED}.Release|Any CPU.Build.0 = Release|Any CPU
		{FEF9775A-9BE5-43BA-A65B-7D188F5437F9}.Debug|Any CPU.ActiveCfg = Debug|Any CPU
		{FEF9775A-9BE5-43BA-A65B-7D188F5437F9}.Debug|Any CPU.Build.0 = Debug|Any CPU
		{FEF9775A-9BE5-43BA-A65B-7D188F5437F9}.Release|Any CPU.ActiveCfg = Release|Any CPU
		{FEF9775A-9BE5-43BA-A65B-7D188F5437F9}.Release|Any CPU.Build.0 = Release|Any CPU
	EndGlobalSection
	GlobalSection(SolutionProperties) = preSolution
		HideSolutionNode = FALSE
	EndGlobalSection
	GlobalSection(ExtensibilityGlobals) = postSolution
		SolutionGuid = {82B75D0C-715F-4A54-8928-817C5CA733E9}
	EndGlobalSection
EndGlobal
